
Microsoft Visual Studio Solution File, Format Version 12.00
# Visual Studio Version 17
VisualStudioVersion = 17.3.32825.248
MinimumVisualStudioVersion = 10.0.40219.1
Project("{FAE04EC0-301F-11D3-BF4B-00C04F79EFBC}") = "учет бюджета4", "учет бюджета4\учет бюджета4.csproj", "{2D376430-45A7-41E9-9CEF-7E1136F137D1}"
EndProject
Project("{FAE04EC0-301F-11D3-BF4B-00C04F79EFBC}") = "ClassLibrary1", "ClassLibrary1\ClassLibrary1.csproj", "{B91FA542-A909-4C6B-A6E4-0DAF59C36B7F}"
EndProject
Global
	GlobalSection(SolutionConfigurationPlatforms) = preSolution
		Debug|Any CPU = Debug|Any CPU
		Release|Any CPU = Release|Any CPU
	EndGlobalSection
	GlobalSection(ProjectConfigurationPlatforms) = postSolution
		{2D376430-45A7-41E9-9CEF-7E1136F137D1}.Debug|Any CPU.ActiveCfg = Debug|Any CPU
		{2D376430-45A7-41E9-9CEF-7E1136F137D1}.Debug|Any CPU.Build.0 = Debug|Any CPU
		{2D376430-45A7-41E9-9CEF-7E1136F137D1}.Release|Any CPU.ActiveCfg = Release|Any CPU
		{2D376430-45A7-41E9-9CEF-7E1136F137D1}.Release|Any CPU.Build.0 = Release|Any CPU
		{B91FA542-A909-4C6B-A6E4-0DAF59C36B7F}.Debug|Any CPU.ActiveCfg = Debug|Any CPU
		{B91FA542-A909-4C6B-A6E4-0DAF59C36B7F}.Debug|Any CPU.Build.0 = Debug|Any CPU
		{B91FA542-A909-4C6B-A6E4-0DAF59C36B7F}.Release|Any CPU.ActiveCfg = Release|Any CPU
		{B91FA542-A909-4C6B-A6E4-0DAF59C36B7F}.Release|Any CPU.Build.0 = Release|Any CPU
	EndGlobalSection
	GlobalSection(SolutionProperties) = preSolution
		HideSolutionNode = FALSE
	EndGlobalSection
	GlobalSection(ExtensibilityGlobals) = postSolution
		SolutionGuid = {53C36D39-1865-4CC7-85CE-146C4877591F}
	EndGlobalSection
EndGlobal
